
Microsoft Visual Studio Solution File, Format Version 12.00
# Visual Studio Version 17
VisualStudioVersion = 17.5.33516.290
MinimumVisualStudioVersion = 10.0.40219.1
Project("{FAE04EC0-301F-11D3-BF4B-00C04F79EFBC}") = "WindowsService_Net6Worker-Background", "WindowsService_Net6Worker-Background\WindowsService_Net6Worker-Background.csproj", "{E716ED09-2E94-4722-B40D-599BE9558605}"
EndProject
Global
	GlobalSection(SolutionConfigurationPlatforms) = preSolution
		Debug|Any CPU = Debug|Any CPU
		Release|Any CPU = Release|Any CPU
	EndGlobalSection
	GlobalSection(ProjectConfigurationPlatforms) = postSolution
		{E716ED09-2E94-4722-B40D-599BE9558605}.Debug|Any CPU.ActiveCfg = Debug|Any CPU
		{E716ED09-2E94-4722-B40D-599BE9558605}.Debug|Any CPU.Build.0 = Debug|Any CPU
		{E716ED09-2E94-4722-B40D-599BE9558605}.Release|Any CPU.ActiveCfg = Release|Any CPU
		{E716ED09-2E94-4722-B40D-599BE9558605}.Release|Any CPU.Build.0 = Release|Any CPU
	EndGlobalSection
	GlobalSection(SolutionProperties) = preSolution
		HideSolutionNode = FALSE
	EndGlobalSection
	GlobalSection(ExtensibilityGlobals) = postSolution
		SolutionGuid = {62C3ECAE-4446-420A-A6CA-90DE97246918}
	EndGlobalSection
EndGlobal
